
Microsoft Visual Studio Solution File, Format Version 12.00
# Visual Studio Version 17
VisualStudioVersion = 17.14.36414.22 d17.14
MinimumVisualStudioVersion = 10.0.40219.1
Project("{FAE04EC0-301F-11D3-BF4B-00C04F79EFBC}") = "StoryWriter.App", "StoryWriter.App\StoryWriter.App.csproj", "{C8D5D2ED-B521-4A5C-9329-5C19DAD8167A}"
EndProject
Global
	GlobalSection(SolutionConfigurationPlatforms) = preSolution
		Debug|Any CPU = Debug|Any CPU
		Release|Any CPU = Release|Any CPU
	EndGlobalSection
	GlobalSection(ProjectConfigurationPlatforms) = postSolution
		{C8D5D2ED-B521-4A5C-9329-5C19DAD8167A}.Debug|Any CPU.ActiveCfg = Debug|Any CPU
		{C8D5D2ED-B521-4A5C-9329-5C19DAD8167A}.Debug|Any CPU.Build.0 = Debug|Any CPU
		{C8D5D2ED-B521-4A5C-9329-5C19DAD8167A}.Release|Any CPU.ActiveCfg = Release|Any CPU
		{C8D5D2ED-B521-4A5C-9329-5C19DAD8167A}.Release|Any CPU.Build.0 = Release|Any CPU
	EndGlobalSection
	GlobalSection(SolutionProperties) = preSolution
		HideSolutionNode = FALSE
	EndGlobalSection
	GlobalSection(ExtensibilityGlobals) = postSolution
		SolutionGuid = {318FCD2C-7CAF-4D8F-83AF-D5DF7EB6D412}
	EndGlobalSection
EndGlobal
